// !$*UTF8*$!
{
	archiveVersion = 1;
	classes = {
	};
	objectVersion = 46;
	objects = {

/* Begin PBXBuildFile section */
		7AEDD0CC175D3FB100049D26 /* main.cpp in Sources */ = {isa = PBXBuildFile; fileRef = 7AEDD0CB175D3FB100049D26 /* main.cpp */; };
		7AEDD0CE175D3FB100049D26 /* LocalGit.1 in CopyFiles */ = {isa = PBXBuildFile; fileRef = 7AEDD0CD175D3FB100049D26 /* LocalGit.1 */; };
/* End PBXBuildFile section */

/* Begin PBXCopyFilesBuildPhase section */
		7AEDD0C6175D3FB100049D26 /* CopyFiles */ = {
			isa = PBXCopyFilesBuildPhase;
			buildActionMask = 2147483647;
			dstPath = /usr/share/man/man1/;
			dstSubfolderSpec = 0;
			files = (
				7AEDD0CE175D3FB100049D26 /* LocalGit.1 in CopyFiles */,
			);
			runOnlyForDeploymentPostprocessing = 1;
		};
/* End PBXCopyFilesBuildPhase section */

/* Begin PBXFileReference section */
		7AEDD0C8175D3FB100049D26 /* LocalGit */ = {isa = PBXFileReference; explicitFileType = "compiled.mach-o.executable"; includeInIndex = 0; path = LocalGit; sourceTree = BUILT_PRODUCTS_DIR; };
		7AEDD0CB175D3FB100049D26 /* main.cpp */ = {isa = PBXFileReference; lastKnownFileType = sourcecode.cpp.cpp; path = main.cpp; sourceTree = "<group>"; };
		7AEDD0CD175D3FB100049D26 /* LocalGit.1 */ = {isa = PBXFileReference; lastKnownFileType = text.man; path = LocalGit.1; sourceTree = "<group>"; };
/* End PBXFileReference section */

/* Begin PBXFrameworksBuildPhase section */
		7AEDD0C5175D3FB100049D26 /* Frameworks */ = {
			isa = PBXFrameworksBuildPhase;
			buildActionMask = 2147483647;
			files = (
			);
			runOnlyForDeploymentPostprocessing = 0;
		};
/* End PBXFrameworksBuildPhase section */

/* Begin PBXGroup section */
		7AEDD0BF175D3FB100049D26 = {
			isa = PBXGroup;
			children = (
				7AEDD0CA175D3FB100049D26 /* LocalGit */,
				7AEDD0C9175D3FB100049D26 /* Products */,
			);
			sourceTree = "<group>";
		};
		7AEDD0C9175D3FB100049D26 /* Products */ = {
			isa = PBXGroup;
			children = (
				7AEDD0C8175D3FB100049D26 /* LocalGit */,
			);
			name = Products;
			sourceTree = "<group>";
		};
		7AEDD0CA175D3FB100049D26 /* LocalGit */ = {
			isa = PBXGroup;
			children = (
				7AEDD0CB175D3FB100049D26 /* main.cpp */,
				7AEDD0CD175D3FB100049D26 /* LocalGit.1 */,
			);
			path = LocalGit;
			sourceTree = "<group>";
		};
/* End PBXGroup section */

/* Begin PBXNativeTarget section */
		7AEDD0C7175D3FB100049D26 /* LocalGit */ = {
			isa = PBXNativeTarget;
			buildConfigurationList = 7AEDD0D1175D3FB100049D26 /* Build configuration list for PBXNativeTarget "LocalGit" */;
			buildPhases = (
				7AEDD0C4175D3FB100049D26 /* Sources */,
				7AEDD0C5175D3FB100049D26 /* Frameworks */,
				7AEDD0C6175D3FB100049D26 /* CopyFiles */,
			);
			buildRules = (
			);
			dependencies = (
			);
			name = LocalGit;
			productName = LocalGit;
			productReference = 7AEDD0C8175D3FB100049D26 /* LocalGit */;
			productType = "com.apple.product-type.tool";
		};
/* End PBXNativeTarget section */

/* Begin PBXProject section */
		7AEDD0C0175D3FB100049D26 /* Project object */ = {
			isa = PBXProject;
			attributes = {
				LastUpgradeCheck = 0460;
				ORGANIZATIONNAME = "Ben Hekster";
			};
			buildConfigurationList = 7AEDD0C3175D3FB100049D26 /* Build configuration list for PBXProject "LocalGit" */;
			compatibilityVersion = "Xcode 3.2";
			developmentRegion = English;
			hasScannedForEncodings = 0;
			knownRegions = (
				en,
			);
			mainGroup = 7AEDD0BF175D3FB100049D26;
			productRefGroup = 7AEDD0C9175D3FB100049D26 /* Products */;
			projectDirPath = "";
			projectRoot = "";
			targets = (
				7AEDD0C7175D3FB100049D26 /* LocalGit */,
			);
		};
/* End PBXProject section */

/* Begin PBXSourcesBuildPhase section */
		7AEDD0C4175D3FB100049D26 /* Sources */ = {
			isa = PBXSourcesBuildPhase;
			buildActionMask = 2147483647;
			files = (
				7AEDD0CC175D3FB100049D26 /* main.cpp in Sources */,
			);
			runOnlyForDeploymentPostprocessing = 0;
		};
/* End PBXSourcesBuildPhase section */

/* Begin XCBuildConfiguration section */
		7AEDD0CF175D3FB100049D26 /* Debug */ = {
			isa = XCBuildConfiguration;
			buildSettings = {
				ALWAYS_SEARCH_USER_PATHS = NO;
				ARCHS = "$(ARCHS_STANDARD_64_BIT)";
				CLANG_CXX_LANGUAGE_STANDARD = "gnu++0x";
				CLANG_CXX_LIBRARY = "libc++";
				CLANG_WARN_CONSTANT_CONVERSION = YES;
				CLANG_WARN_EMPTY_BODY = YES;
				CLANG_WARN_ENUM_CONVERSION = YES;
				CLANG_WARN_INT_CONVERSION = YES;
				CLANG_WARN__DUPLICATE_METHOD_MATCH = YES;
				COPY_PHASE_STRIP = NO;
				GCC_C_LANGUAGE_STANDARD = gnu99;
				GCC_DYNAMIC_NO_PIC = NO;
				GCC_ENABLE_OBJC_EXCEPTIONS = YES;
				GCC_OPTIMIZATION_LEVEL = 0;
				GCC_PREPROCESSOR_DEFINITIONS = (
					"DEBUG=1",
					"$(inherited)",
				);
				GCC_SYMBOLS_PRIVATE_EXTERN = NO;
				GCC_WARN_64_TO_32_BIT_CONVERSION = YES;
				GCC_WARN_ABOUT_RETURN_TYPE = YES;
				GCC_WARN_UNINITIALIZED_AUTOS = YES;
				GCC_WARN_UNUSED_VARIABLE = YES;
				MACOSX_DEPLOYMENT_TARGET = 10.8;
				ONLY_ACTIVE_ARCH = YES;
				SDKROOT = macosx;
			};
			name = Debug;
		};
		7AEDD0D0175D3FB100049D26 /* Release */ = {
			isa = XCBuildConfiguration;
			buildSettings = {
				ALWAYS_SEARCH_USER_PATHS = NO;
				ARCHS = "$(ARCHS_STANDARD_64_BIT)";
				CLANG_CXX_LANGUAGE_STANDARD = "gnu++0x";
				CLANG_CXX_LIBRARY = "libc++";
				CLANG_WARN_CONSTANT_CONVERSION = YES;
				CLANG_WARN_EMPTY_BODY = YES;
				CLANG_WARN_ENUM_CONVERSION = YES;
				CLANG_WARN_INT_CONVERSION = YES;
				CLANG_WARN__DUPLICATE_METHOD_MATCH = YES;
				COPY_PHASE_STRIP = YES;
				DEBUG_INFORMATION_FORMAT = "dwarf-with-dsym";
				GCC_C_LANGUAGE_STANDARD = gnu99;
				GCC_ENABLE_OBJC_EXCEPTIONS = YES;
				GCC_WARN_64_TO_32_BIT_CONVERSION = YES;
				GCC_WARN_ABOUT_RETURN_TYPE = YES;
				GCC_WARN_UNINITIALIZED_AUTOS = YES;
				GCC_WARN_UNUSED_VARIABLE = YES;
				MACOSX_DEPLOYMENT_TARGET = 10.8;
				SDKROOT = macosx;
			};
			name = Release;
		};
		7AEDD0D2175D3FB100049D26 /* Debug */ = {
			isa = XCBuildConfiguration;
			buildSettings = {
				PRODUCT_NAME = "$(TARGET_NAME)";
			};
			name = Debug;
		};
		7AEDD0D3175D3FB100049D26 /* Release */ = {
			isa = XCBuildConfiguration;
			buildSettings = {
				PRODUCT_NAME = "$(TARGET_NAME)";
			};
			name = Release;
		};
/* End XCBuildConfiguration section */

/* Begin XCConfigurationList section */
		7AEDD0C3175D3FB100049D26 /* Build configuration list for PBXProject "LocalGit" */ = {
			isa = XCConfigurationList;
			buildConfigurations = (
				7AEDD0CF175D3FB100049D26 /* Debug */,
				7AEDD0D0175D3FB100049D26 /* Release */,
			);
			defaultConfigurationIsVisible = 0;
			defaultConfigurationName = Release;
		};
		7AEDD0D1175D3FB100049D26 /* Build configuration list for PBXNativeTarget "LocalGit" */ = {
			isa = XCConfigurationList;
			buildConfigurations = (
				7AEDD0D2175D3FB100049D26 /* Debug */,
				7AEDD0D3175D3FB100049D26 /* Release */,
			);
			defaultConfigurationIsVisible = 0;
		};
/* End XCConfigurationList section */
	};
	rootObject = 7AEDD0C0175D3FB100049D26 /* Project object */;
}
